PODS:
  - Alamofire (4.7.0)
  - AlamofireImage (3.3.0):
    - Alamofire (~> 4.5)
  - ObjectMapper (3.1.0)
  - Reachability (3.2)
  - SwiftyJSON (4.0.0)

DEPENDENCIES:
  - Alamofire
  - AlamofireImage
  - ObjectMapper
  - Reachability
  - SwiftyJSON

SPEC CHECKSUMS:
  Alamofire: 907e0a98eb68cdb7f9d1f541a563d6ac5dc77b25
  AlamofireImage: 2e784dc5d00f04903a52c1d169181469c805c3df
  ObjectMapper: 20505058f54e5c3ca69e1d6de9897d152a5369a6
  Reachability: 33e18b67625424e47b6cde6d202dce689ad7af96
  SwiftyJSON: 070dabdcb1beb81b247c65ffa3a79dbbfb3b48aa

PODFILE CHECKSUM: be9eb4bdd7065b53bc4c2ebd8e5296a72ff13b78

COCOAPODS: 1.4.0
